
Microsoft Visual Studio Solution File, Format Version 12.00
# Visual Studio Version 17
VisualStudioVersion = 17.8.34511.84
MinimumVisualStudioVersion = 10.0.40219.1
Project("{FAE04EC0-301F-11D3-BF4B-00C04F79EFBC}") = "The_Akhtyamov_Exam", "The_Akhtyamov_Exam\The_Akhtyamov_Exam.csproj", "{E7CB0837-24ED-413B-9054-804EDEC265B1}"
EndProject
Global
	GlobalSection(SolutionConfigurationPlatforms) = preSolution
		Debug|Any CPU = Debug|Any CPU
		Release|Any CPU = Release|Any CPU
	EndGlobalSection
	GlobalSection(ProjectConfigurationPlatforms) = postSolution
		{E7CB0837-24ED-413B-9054-804EDEC265B1}.Debug|Any CPU.ActiveCfg = Debug|Any CPU
		{E7CB0837-24ED-413B-9054-804EDEC265B1}.Debug|Any CPU.Build.0 = Debug|Any CPU
		{E7CB0837-24ED-413B-9054-804EDEC265B1}.Release|Any CPU.ActiveCfg = Release|Any CPU
		{E7CB0837-24ED-413B-9054-804EDEC265B1}.Release|Any CPU.Build.0 = Release|Any CPU
	EndGlobalSection
	GlobalSection(SolutionProperties) = preSolution
		HideSolutionNode = FALSE
	EndGlobalSection
	GlobalSection(ExtensibilityGlobals) = postSolution
		SolutionGuid = {FD510345-1067-4546-ADCA-89378282151E}
	EndGlobalSection
EndGlobal
